
Microsoft Visual Studio Solution File, Format Version 12.00
# Visual Studio 15
VisualStudioVersion = 15.0.26430.15
MinimumVisualStudioVersion = 10.0.40219.1
Project("{8BC9CEB8-8B4A-11D0-8D11-00A0C91BC942}") = "CLRTest", "CLRTest\CLRTest.vcxproj", "{2E2ECCF0-AA45-45BB-990D-8CC537CB9700}"
EndProject
Project("{FAE04EC0-301F-11D3-BF4B-00C04F79EFBC}") = "CSharpDLL", "CSharpDLL\CSharpDLL.csproj", "{3BBD2A56-9BB2-49D2-A5E6-8B738197F4B4}"
EndProject
Global
	GlobalSection(SolutionConfigurationPlatforms) = preSolution
		Debug|Any CPU = Debug|Any CPU
		Debug|x64 = Debug|x64
		Debug|x86 = Debug|x86
		Release|Any CPU = Release|Any CPU
		Release|x64 = Release|x64
		Release|x86 = Release|x86
	EndGlobalSection
	GlobalSection(ProjectConfigurationPlatforms) = postSolution
		{2E2ECCF0-AA45-45BB-990D-8CC537CB9700}.Debug|Any CPU.ActiveCfg = Debug|Win32
		{2E2ECCF0-AA45-45BB-990D-8CC537CB9700}.Debug|x64.ActiveCfg = Debug|x64
		{2E2ECCF0-AA45-45BB-990D-8CC537CB9700}.Debug|x64.Build.0 = Debug|x64
		{2E2ECCF0-AA45-45BB-990D-8CC537CB9700}.Debug|x86.ActiveCfg = Debug|Win32
		{2E2ECCF0-AA45-45BB-990D-8CC537CB9700}.Debug|x86.Build.0 = Debug|Win32
		{2E2ECCF0-AA45-45BB-990D-8CC537CB9700}.Release|Any CPU.ActiveCfg = Release|Win32
		{2E2ECCF0-AA45-45BB-990D-8CC537CB9700}.Release|x64.ActiveCfg = Release|x64
		{2E2ECCF0-AA45-45BB-990D-8CC537CB9700}.Release|x64.Build.0 = Release|x64
		{2E2ECCF0-AA45-45BB-990D-8CC537CB9700}.Release|x86.ActiveCfg = Release|Win32
		{2E2ECCF0-AA45-45BB-990D-8CC537CB9700}.Release|x86.Build.0 = Release|Win32
		{3BBD2A56-9BB2-49D2-A5E6-8B738197F4B4}.Debug|Any CPU.ActiveCfg = Debug|Any CPU
		{3BBD2A56-9BB2-49D2-A5E6-8B738197F4B4}.Debug|Any CPU.Build.0 = Debug|Any CPU
		{3BBD2A56-9BB2-49D2-A5E6-8B738197F4B4}.Debug|x64.ActiveCfg = Debug|Any CPU
		{3BBD2A56-9BB2-49D2-A5E6-8B738197F4B4}.Debug|x64.Build.0 = Debug|Any CPU
		{3BBD2A56-9BB2-49D2-A5E6-8B738197F4B4}.Debug|x86.ActiveCfg = Debug|Any CPU
		{3BBD2A56-9BB2-49D2-A5E6-8B738197F4B4}.Debug|x86.Build.0 = Debug|Any CPU
		{3BBD2A56-9BB2-49D2-A5E6-8B738197F4B4}.Release|Any CPU.ActiveCfg = Release|Any CPU
		{3BBD2A56-9BB2-49D2-A5E6-8B738197F4B4}.Release|Any CPU.Build.0 = Release|Any CPU
		{3BBD2A56-9BB2-49D2-A5E6-8B738197F4B4}.Release|x64.ActiveCfg = Release|Any CPU
		{3BBD2A56-9BB2-49D2-A5E6-8B738197F4B4}.Release|x64.Build.0 = Release|Any CPU
		{3BBD2A56-9BB2-49D2-A5E6-8B738197F4B4}.Release|x86.ActiveCfg = Release|Any CPU
		{3BBD2A56-9BB2-49D2-A5E6-8B738197F4B4}.Release|x86.Build.0 = Release|Any CPU
	EndGlobalSection
	GlobalSection(SolutionProperties) = preSolution
		HideSolutionNode = FALSE
	EndGlobalSection
EndGlobal
